
Microsoft Visual Studio Solution File, Format Version 12.00
# Visual Studio Version 17
VisualStudioVersion = 17.0.31919.166
MinimumVisualStudioVersion = 10.0.40219.1
Project("{9A19103F-16F7-4668-BE54-9A1E7A4F7556}") = "SolidPrinciples", "SolidPrinciples\SolidPrinciples.csproj", "{3F49ACF7-A2BB-4BDE-9D2B-57C8EC57E639}"
EndProject
Global
	GlobalSection(SolutionConfigurationPlatforms) = preSolution
		Debug|Any CPU = Debug|Any CPU
		Release|Any CPU = Release|Any CPU
	EndGlobalSection
	GlobalSection(ProjectConfigurationPlatforms) = postSolution
		{3F49ACF7-A2BB-4BDE-9D2B-57C8EC57E639}.Debug|Any CPU.ActiveCfg = Debug|Any CPU
		{3F49ACF7-A2BB-4BDE-9D2B-57C8EC57E639}.Debug|Any CPU.Build.0 = Debug|Any CPU
		{3F49ACF7-A2BB-4BDE-9D2B-57C8EC57E639}.Release|Any CPU.ActiveCfg = Release|Any CPU
		{3F49ACF7-A2BB-4BDE-9D2B-57C8EC57E639}.Release|Any CPU.Build.0 = Release|Any CPU
	EndGlobalSection
	GlobalSection(SolutionProperties) = preSolution
		HideSolutionNode = FALSE
	EndGlobalSection
	GlobalSection(ExtensibilityGlobals) = postSolution
		SolutionGuid = {DA28EBA0-C0B2-4327-ABCD-07707D7AE8E6}
	EndGlobalSection
EndGlobal
